
Microsoft Visual Studio Solution File, Format Version 12.00
# Visual Studio Version 17
VisualStudioVersion = 17.6.33801.468
MinimumVisualStudioVersion = 10.0.40219.1
Project("{8BC9CEB8-8B4A-11D0-8D11-00A0C91BC942}") = "01_Accustoming_Yourself_To_Cpp", "01_Accustoming_Yourself_To_Cpp.vcxproj", "{4C94094A-4818-4947-B313-C5CDFD0D370D}"
EndProject
Global
	GlobalSection(SolutionConfigurationPlatforms) = preSolution
		Debug|x64 = Debug|x64
		Debug|x86 = Debug|x86
		Release|x64 = Release|x64
		Release|x86 = Release|x86
	EndGlobalSection
	GlobalSection(ProjectConfigurationPlatforms) = postSolution
		{4C94094A-4818-4947-B313-C5CDFD0D370D}.Debug|x64.ActiveCfg = Debug|x64
		{4C94094A-4818-4947-B313-C5CDFD0D370D}.Debug|x64.Build.0 = Debug|x64
		{4C94094A-4818-4947-B313-C5CDFD0D370D}.Debug|x86.ActiveCfg = Debug|Win32
		{4C94094A-4818-4947-B313-C5CDFD0D370D}.Debug|x86.Build.0 = Debug|Win32
		{4C94094A-4818-4947-B313-C5CDFD0D370D}.Release|x64.ActiveCfg = Release|x64
		{4C94094A-4818-4947-B313-C5CDFD0D370D}.Release|x64.Build.0 = Release|x64
		{4C94094A-4818-4947-B313-C5CDFD0D370D}.Release|x86.ActiveCfg = Release|Win32
		{4C94094A-4818-4947-B313-C5CDFD0D370D}.Release|x86.Build.0 = Release|Win32
	EndGlobalSection
	GlobalSection(SolutionProperties) = preSolution
		HideSolutionNode = FALSE
	EndGlobalSection
	GlobalSection(ExtensibilityGlobals) = postSolution
		SolutionGuid = {B7907EA1-830F-4217-8650-A2B98DA7393B}
	EndGlobalSection
EndGlobal
